
Microsoft Visual Studio Solution File, Format Version 12.00
Project("{FAE04EC0-301F-11D3-BF4B-00C04F79EFBC}") = "FurrySharp", "FurrySharp\FurrySharp.csproj", "{C4CA29D9-68EF-474B-B128-2CF3534023D3}"
EndProject
Project("{FAE04EC0-301F-11D3-BF4B-00C04F79EFBC}") = "FurrySharp.Test", "FurrySharp.Test\FurrySharp.Test.csproj", "{FECEFA44-CDB0-4FC4-BE94-9F2B280CD885}"
EndProject
Project("{FAE04EC0-301F-11D3-BF4B-00C04F79EFBC}") = "FurrySharp.AssStash", "FurrySharp.AssStash\FurrySharp.AssStash.csproj", "{F0EE4D1F-8AE4-4277-9F95-E53B7E797C78}"
EndProject
Project("{FAE04EC0-301F-11D3-BF4B-00C04F79EFBC}") = "FurrySharp.DeerIMGUI", "FurrySharp.DeerIMGUI\FurrySharp.DeerIMGUI.csproj", "{9A079646-EB43-4250-B75A-55494E1DC152}"
EndProject
Global
	GlobalSection(SolutionConfigurationPlatforms) = preSolution
		Debug|Any CPU = Debug|Any CPU
		Release|Any CPU = Release|Any CPU
	EndGlobalSection
	GlobalSection(ProjectConfigurationPlatforms) = postSolution
		{C4CA29D9-68EF-474B-B128-2CF3534023D3}.Debug|Any CPU.ActiveCfg = Debug|Any CPU
		{C4CA29D9-68EF-474B-B128-2CF3534023D3}.Debug|Any CPU.Build.0 = Debug|Any CPU
		{C4CA29D9-68EF-474B-B128-2CF3534023D3}.Release|Any CPU.ActiveCfg = Release|Any CPU
		{C4CA29D9-68EF-474B-B128-2CF3534023D3}.Release|Any CPU.Build.0 = Release|Any CPU
		{FECEFA44-CDB0-4FC4-BE94-9F2B280CD885}.Debug|Any CPU.ActiveCfg = Debug|Any CPU
		{FECEFA44-CDB0-4FC4-BE94-9F2B280CD885}.Debug|Any CPU.Build.0 = Debug|Any CPU
		{FECEFA44-CDB0-4FC4-BE94-9F2B280CD885}.Release|Any CPU.ActiveCfg = Release|Any CPU
		{FECEFA44-CDB0-4FC4-BE94-9F2B280CD885}.Release|Any CPU.Build.0 = Release|Any CPU
		{F0EE4D1F-8AE4-4277-9F95-E53B7E797C78}.Debug|Any CPU.ActiveCfg = Debug|Any CPU
		{F0EE4D1F-8AE4-4277-9F95-E53B7E797C78}.Debug|Any CPU.Build.0 = Debug|Any CPU
		{F0EE4D1F-8AE4-4277-9F95-E53B7E797C78}.Release|Any CPU.ActiveCfg = Release|Any CPU
		{F0EE4D1F-8AE4-4277-9F95-E53B7E797C78}.Release|Any CPU.Build.0 = Release|Any CPU
		{9A079646-EB43-4250-B75A-55494E1DC152}.Debug|Any CPU.ActiveCfg = Debug|Any CPU
		{9A079646-EB43-4250-B75A-55494E1DC152}.Debug|Any CPU.Build.0 = Debug|Any CPU
		{9A079646-EB43-4250-B75A-55494E1DC152}.Release|Any CPU.ActiveCfg = Release|Any CPU
		{9A079646-EB43-4250-B75A-55494E1DC152}.Release|Any CPU.Build.0 = Release|Any CPU
	EndGlobalSection
EndGlobal
